
Microsoft Visual Studio Solution File, Format Version 12.00
# Visual Studio Version 16
VisualStudioVersion = 16.0.29324.140
MinimumVisualStudioVersion = 10.0.40219.1
Project("{FAE04EC0-301F-11D3-BF4B-00C04F79EFBC}") = "GestorIncidencias", "GestorIncidencias\GestorIncidencias.csproj", "{9635DB87-1997-4D65-AD61-880623FDBAF4}"
EndProject
Project("{FAE04EC0-301F-11D3-BF4B-00C04F79EFBC}") = "Entidades", "Entidades\Entidades.csproj", "{B03F2196-6EDC-48AD-AF89-827C1648207E}"
EndProject
Project("{FAE04EC0-301F-11D3-BF4B-00C04F79EFBC}") = "Entidades.Test", "Entidades.Test\Entidades.Test.csproj", "{DDE3B1CF-0406-4900-B15B-91888C92FEEA}"
EndProject
Global
	GlobalSection(SolutionConfigurationPlatforms) = preSolution
		Debug|Any CPU = Debug|Any CPU
		Release|Any CPU = Release|Any CPU
	EndGlobalSection
	GlobalSection(ProjectConfigurationPlatforms) = postSolution
		{9635DB87-1997-4D65-AD61-880623FDBAF4}.Debug|Any CPU.ActiveCfg = Debug|Any CPU
		{9635DB87-1997-4D65-AD61-880623FDBAF4}.Debug|Any CPU.Build.0 = Debug|Any CPU
		{9635DB87-1997-4D65-AD61-880623FDBAF4}.Release|Any CPU.ActiveCfg = Release|Any CPU
		{9635DB87-1997-4D65-AD61-880623FDBAF4}.Release|Any CPU.Build.0 = Release|Any CPU
		{B03F2196-6EDC-48AD-AF89-827C1648207E}.Debug|Any CPU.ActiveCfg = Debug|Any CPU
		{B03F2196-6EDC-48AD-AF89-827C1648207E}.Debug|Any CPU.Build.0 = Debug|Any CPU
		{B03F2196-6EDC-48AD-AF89-827C1648207E}.Release|Any CPU.ActiveCfg = Release|Any CPU
		{B03F2196-6EDC-48AD-AF89-827C1648207E}.Release|Any CPU.Build.0 = Release|Any CPU
		{DDE3B1CF-0406-4900-B15B-91888C92FEEA}.Debug|Any CPU.ActiveCfg = Debug|Any CPU
		{DDE3B1CF-0406-4900-B15B-91888C92FEEA}.Debug|Any CPU.Build.0 = Debug|Any CPU
		{DDE3B1CF-0406-4900-B15B-91888C92FEEA}.Release|Any CPU.ActiveCfg = Release|Any CPU
		{DDE3B1CF-0406-4900-B15B-91888C92FEEA}.Release|Any CPU.Build.0 = Release|Any CPU
	EndGlobalSection
	GlobalSection(SolutionProperties) = preSolution
		HideSolutionNode = FALSE
	EndGlobalSection
	GlobalSection(ExtensibilityGlobals) = postSolution
		SolutionGuid = {A7DFD746-A5A7-47BC-A853-8528B7804E0D}
	EndGlobalSection
EndGlobal
